
Microsoft Visual Studio Solution File, Format Version 12.00
# Visual Studio Version 17
VisualStudioVersion = 17.13.35828.75 d17.13
MinimumVisualStudioVersion = 10.0.40219.1
Project("{FAE04EC0-301F-11D3-BF4B-00C04F79EFBC}") = "PocketCart-Server", "PocketCart-Server.csproj", "{8CEB9D68-E7B5-4657-BB3B-71B93F64D980}"
EndProject
Global
	GlobalSection(SolutionConfigurationPlatforms) = preSolution
		Debug|Any CPU = Debug|Any CPU
		Release|Any CPU = Release|Any CPU
	EndGlobalSection
	GlobalSection(ProjectConfigurationPlatforms) = postSolution
		{8CEB9D68-E7B5-4657-BB3B-71B93F64D980}.Debug|Any CPU.ActiveCfg = Debug|Any CPU
		{8CEB9D68-E7B5-4657-BB3B-71B93F64D980}.Debug|Any CPU.Build.0 = Debug|Any CPU
		{8CEB9D68-E7B5-4657-BB3B-71B93F64D980}.Release|Any CPU.ActiveCfg = Release|Any CPU
		{8CEB9D68-E7B5-4657-BB3B-71B93F64D980}.Release|Any CPU.Build.0 = Release|Any CPU
	EndGlobalSection
	GlobalSection(SolutionProperties) = preSolution
		HideSolutionNode = FALSE
	EndGlobalSection
	GlobalSection(ExtensibilityGlobals) = postSolution
		SolutionGuid = {5A07C790-6661-4953-AFE7-0680871C70B0}
	EndGlobalSection
EndGlobal
